
Microsoft Visual Studio Solution File, Format Version 12.00
# Visual Studio Version 16
VisualStudioVersion = 16.0.32106.194
MinimumVisualStudioVersion = 10.0.40219.1
Project("{FAE04EC0-301F-11D3-BF4B-00C04F79EFBC}") = "Lab1(LINQ)", "Lab1(LINQ)\Lab1(LINQ).csproj", "{A6CE1910-DAF2-45E2-8B87-D1882FAD73BB}"
EndProject
Project("{FAE04EC0-301F-11D3-BF4B-00C04F79EFBC}") = "Lab2(XML)", "Lab2(XML)\Lab2(XML).csproj", "{1BCC21C1-1752-4FD2-A5E6-A9C2C1E50405}"
EndProject
Project("{FAE04EC0-301F-11D3-BF4B-00C04F79EFBC}") = "Lab3(Builder)", "Lab3(Builder)\Lab3(Builder).csproj", "{5AFD18D1-CC9A-419A-9669-B91E33E3675B}"
EndProject
Project("{FAE04EC0-301F-11D3-BF4B-00C04F79EFBC}") = "Lab4(Bridge)", "Lab4(Bridge)\Lab4(Bridge).csproj", "{0FCDCD30-6A28-4EB8-B750-E53B1D4F90A3}"
EndProject
Project("{FAE04EC0-301F-11D3-BF4B-00C04F79EFBC}") = "Lab5(State)", "Lab5(State)\Lab5(State).csproj", "{C29012AA-BAF6-4525-8D4E-17C4D91E4780}"
EndProject
Global
	GlobalSection(SolutionConfigurationPlatforms) = preSolution
		Debug|Any CPU = Debug|Any CPU
		Release|Any CPU = Release|Any CPU
	EndGlobalSection
	GlobalSection(ProjectConfigurationPlatforms) = postSolution
		{A6CE1910-DAF2-45E2-8B87-D1882FAD73BB}.Debug|Any CPU.ActiveCfg = Debug|Any CPU
		{A6CE1910-DAF2-45E2-8B87-D1882FAD73BB}.Debug|Any CPU.Build.0 = Debug|Any CPU
		{A6CE1910-DAF2-45E2-8B87-D1882FAD73BB}.Release|Any CPU.ActiveCfg = Release|Any CPU
		{A6CE1910-DAF2-45E2-8B87-D1882FAD73BB}.Release|Any CPU.Build.0 = Release|Any CPU
		{1BCC21C1-1752-4FD2-A5E6-A9C2C1E50405}.Debug|Any CPU.ActiveCfg = Debug|Any CPU
		{1BCC21C1-1752-4FD2-A5E6-A9C2C1E50405}.Debug|Any CPU.Build.0 = Debug|Any CPU
		{1BCC21C1-1752-4FD2-A5E6-A9C2C1E50405}.Release|Any CPU.ActiveCfg = Release|Any CPU
		{1BCC21C1-1752-4FD2-A5E6-A9C2C1E50405}.Release|Any CPU.Build.0 = Release|Any CPU
		{5AFD18D1-CC9A-419A-9669-B91E33E3675B}.Debug|Any CPU.ActiveCfg = Debug|Any CPU
		{5AFD18D1-CC9A-419A-9669-B91E33E3675B}.Debug|Any CPU.Build.0 = Debug|Any CPU
		{5AFD18D1-CC9A-419A-9669-B91E33E3675B}.Release|Any CPU.ActiveCfg = Release|Any CPU
		{5AFD18D1-CC9A-419A-9669-B91E33E3675B}.Release|Any CPU.Build.0 = Release|Any CPU
		{0FCDCD30-6A28-4EB8-B750-E53B1D4F90A3}.Debug|Any CPU.ActiveCfg = Debug|Any CPU
		{0FCDCD30-6A28-4EB8-B750-E53B1D4F90A3}.Debug|Any CPU.Build.0 = Debug|Any CPU
		{0FCDCD30-6A28-4EB8-B750-E53B1D4F90A3}.Release|Any CPU.ActiveCfg = Release|Any CPU
		{0FCDCD30-6A28-4EB8-B750-E53B1D4F90A3}.Release|Any CPU.Build.0 = Release|Any CPU
		{C29012AA-BAF6-4525-8D4E-17C4D91E4780}.Debug|Any CPU.ActiveCfg = Debug|Any CPU
		{C29012AA-BAF6-4525-8D4E-17C4D91E4780}.Debug|Any CPU.Build.0 = Debug|Any CPU
		{C29012AA-BAF6-4525-8D4E-17C4D91E4780}.Release|Any CPU.ActiveCfg = Release|Any CPU
		{C29012AA-BAF6-4525-8D4E-17C4D91E4780}.Release|Any CPU.Build.0 = Release|Any CPU
	EndGlobalSection
	GlobalSection(SolutionProperties) = preSolution
		HideSolutionNode = FALSE
	EndGlobalSection
	GlobalSection(ExtensibilityGlobals) = postSolution
		SolutionGuid = {3C1326B4-EE92-4132-BB59-1BE8348E2BA3}
	EndGlobalSection
EndGlobal
